{
  "name": "portfolio",
  "version": "1.0.0",
  "lockfileVersion": 1,
  "requires": true,
  "dependencies": {
    "lumenbox": {
      "version": "1.1.5",
      "resolved": "https://registry.npmjs.org/lumenbox/-/lumenbox-1.1.5.tgz",
      "integrity": "sha512-GFjf3LbqdNVsa1f06ScwJoy1YqaJOQSPWmibmiZDkVWukEW1XL8ihBUQ+36GHw9XkCF5M1YHNjjkoWtEoC1VLg=="
    }
  }
}
